<?xml version="1.0" encoding="UTF-8"?>
<!DOCTYPE plist PUBLIC "-//Apple//DTD PLIST 1.0//EN" "http://www.apple.com/DTDs/PropertyList-1.0.dtd">
<plist version="1.0">
<dict>
	<key>BuildNumber</key>
	<string>41800100</string>
	<key>BundleIdentifier</key>
	<string>com.barebones.bbedit</string>
	<key>HostIdentifier</key>
	<string>8A672AB7-8B60-515F-BC70-22D51F06F05C</string>
	<key>HostName</key>
	<string>MacBook Air 15</string>
	<key>LockDate</key>
	<date>2023-12-28T19:29:54Z</date>
	<key>LockID</key>
	<string>0AE3B813-2D25-44F6-92CB-426BFEB2A09E</string>
	<key>MarketingVersion</key>
	<string>14.6.9</string>
	<key>NetworkVolume</key>
	<false/>
	<key>ProcessIdentifier</key>
	<integer>4850</integer>
	<key>UserName</key>
	<string>hbowie</string>
	<key>Version</key>
	<integer>3</integer>
	<key>VolumeIdentifier</key>
	<string>457BD4CD-7A68-4D76-86F0-E88B3A0CC7EC</string>
</dict>
</plist>
